// !$*UTF8*$!
{
	archiveVersion = 1;
	classes = {
	};
	objectVersion = 46;
	objects = {

/* Begin PBXBuildFile section */
		E730A0261AFFD39F000ED03C /* SignInLandingViewController.swift in Sources */ = {isa = PBXBuildFile; fileRef = E730A0251AFFD39F000ED03C /* SignInLandingViewController.swift */; };
		E730A0281AFFD584000ED03C /* CreateAccountLandingViewController.swift in Sources */ = {isa = PBXBuildFile; fileRef = E730A0271AFFD584000ED03C /* CreateAccountLandingViewController.swift */; };
		E74B19301AFC3B13001FFD98 /* SettingsViewController.swift in Sources */ = {isa = PBXBuildFile; fileRef = E74B192F1AFC3B13001FFD98 /* SettingsViewController.swift */; };
		E74B19331AFD6EF7001FFD98 /* TermsOfServiceViewController.swift in Sources */ = {isa = PBXBuildFile; fileRef = E74B19321AFD6EF7001FFD98 /* TermsOfServiceViewController.swift */; };
		E74B19351AFD73EA001FFD98 /* NewAccountViewController.swift in Sources */ = {isa = PBXBuildFile; fileRef = E74B19341AFD73EA001FFD98 /* NewAccountViewController.swift */; };
		E74B19371AFD81EA001FFD98 /* SignInViewController.swift in Sources */ = {isa = PBXBuildFile; fileRef = E74B19361AFD81EA001FFD98 /* SignInViewController.swift */; };
		E74B19391AFD8743001FFD98 /* TroubleViewController.swift in Sources */ = {isa = PBXBuildFile; fileRef = E74B19381AFD8743001FFD98 /* TroubleViewController.swift */; };
		E78A9FA71AFDDAFE00567E37 /* PhotoViewController.swift in Sources */ = {isa = PBXBuildFile; fileRef = E78A9FA61AFDDAFE00567E37 /* PhotoViewController.swift */; };
		E78A9FA91AFDDC0200567E37 /* LoggedInSettingsViewController.swift in Sources */ = {isa = PBXBuildFile; fileRef = E78A9FA81AFDDC0200567E37 /* LoggedInSettingsViewController.swift */; };
		E7CDA5B31AFACCB200FE892E /* AppDelegate.swift in Sources */ = {isa = PBXBuildFile; fileRef = E7CDA5B21AFACCB200FE892E /* AppDelegate.swift */; };
		E7CDA5B51AFACCB200FE892E /* ViewController.swift in Sources */ = {isa = PBXBuildFile; fileRef = E7CDA5B41AFACCB200FE892E /* ViewController.swift */; };
		E7CDA5B81AFACCB200FE892E /* Main.storyboard in Resources */ = {isa = PBXBuildFile; fileRef = E7CDA5B61AFACCB200FE892E /* Main.storyboard */; };
		E7CDA5BA1AFACCB200FE892E /* Images.xcassets in Resources */ = {isa = PBXBuildFile; fileRef = E7CDA5B91AFACCB200FE892E /* Images.xcassets */; };
		E7CDA5C91AFACCB200FE892E /* codepath_dropboxTests.swift in Sources */ = {isa = PBXBuildFile; fileRef = E7CDA5C81AFACCB200FE892E /* codepath_dropboxTests.swift */; };
		E7D1B9C81AFFE6C000474A0A /* WelcomeViewController.swift in Sources */ = {isa = PBXBuildFile; fileRef = E7D1B9C71AFFE6C000474A0A /* WelcomeViewController.swift */; };
/* End PBXBuildFile section */

/* Begin PBXContainerItemProxy section */
		E7CDA5C31AFACCB200FE892E /* PBXContainerItemProxy */ = {
			isa = PBXContainerItemProxy;
			containerPortal = E7CDA5A51AFACCB200FE892E /* Project object */;
			proxyType = 1;
			remoteGlobalIDString = E7CDA5AC1AFACCB200FE892E;
			remoteInfo = "codepath-dropbox";
		};
/* End PBXContainerItemProxy section */

/* Begin PBXFileReference section */
		E730A0251AFFD39F000ED03C /* SignInLandingViewController.swift */ = {isa = PBXFileReference; fileEncoding = 4; lastKnownFileType = sourcecode.swift; path = SignInLandingViewController.swift; sourceTree = "<group>"; };
		E730A0271AFFD584000ED03C /* CreateAccountLandingViewController.swift */ = {isa = PBXFileReference; fileEncoding = 4; lastKnownFileType = sourcecode.swift; path = CreateAccountLandingViewController.swift; sourceTree = "<group>"; };
		E74B192F1AFC3B13001FFD98 /* SettingsViewController.swift */ = {isa = PBXFileReference; fileEncoding = 4; lastKnownFileType = sourcecode.swift; path = SettingsViewController.swift; sourceTree = "<group>"; };
		E74B19321AFD6EF7001FFD98 /* TermsOfServiceViewController.swift */ = {isa = PBXFileReference; fileEncoding = 4; lastKnownFileType = sourcecode.swift; path = TermsOfServiceViewController.swift; sourceTree = "<group>"; };
		E74B19341AFD73EA001FFD98 /* NewAccountViewController.swift */ = {isa = PBXFileReference; fileEncoding = 4; lastKnownFileType = sourcecode.swift; path = NewAccountViewController.swift; sourceTree = "<group>"; };
		E74B19361AFD81EA001FFD98 /* SignInViewController.swift */ = {isa = PBXFileReference; fileEncoding = 4; lastKnownFileType = sourcecode.swift; path = SignInViewController.swift; sourceTree = "<group>"; };
		E74B19381AFD8743001FFD98 /* TroubleViewController.swift */ = {isa = PBXFileReference; fileEncoding = 4; lastKnownFileType = sourcecode.swift; path = TroubleViewController.swift; sourceTree = "<group>"; };
		E78A9FA61AFDDAFE00567E37 /* PhotoViewController.swift */ = {isa = PBXFileReference; fileEncoding = 4; lastKnownFileType = sourcecode.swift; path = PhotoViewController.swift; sourceTree = "<group>"; };
		E78A9FA81AFDDC0200567E37 /* LoggedInSettingsViewController.swift */ = {isa = PBXFileReference; fileEncoding = 4; lastKnownFileType = sourcecode.swift; path = LoggedInSettingsViewController.swift; sourceTree = "<group>"; };
		E7CDA5AD1AFACCB200FE892E /* codepath-dropbox.app */ = {isa = PBXFileReference; explicitFileType = wrapper.application; includeInIndex = 0; path = "codepath-dropbox.app"; sourceTree = BUILT_PRODUCTS_DIR; };
		E7CDA5B11AFACCB200FE892E /* Info.plist */ = {isa = PBXFileReference; lastKnownFileType = text.plist.xml; path = Info.plist; sourceTree = "<group>"; };
		E7CDA5B21AFACCB200FE892E /* AppDelegate.swift */ = {isa = PBXFileReference; lastKnownFileType = sourcecode.swift; path = AppDelegate.swift; sourceTree = "<group>"; };
		E7CDA5B41AFACCB200FE892E /* ViewController.swift */ = {isa = PBXFileReference; lastKnownFileType = sourcecode.swift; path = ViewController.swift; sourceTree = "<group>"; };
		E7CDA5B71AFACCB200FE892E /* Base */ = {isa = PBXFileReference; lastKnownFileType = file.storyboard; name = Base; path = Base.lproj/Main.storyboard; sourceTree = "<group>"; };
		E7CDA5B91AFACCB200FE892E /* Images.xcassets */ = {isa = PBXFileReference; lastKnownFileType = folder.assetcatalog; path = Images.xcassets; sourceTree = "<group>"; };
		E7CDA5C21AFACCB200FE892E /* codepath-dropboxTests.xctest */ = {isa = PBXFileReference; explicitFileType = wrapper.cfbundle; includeInIndex = 0; path = "codepath-dropboxTests.xctest"; sourceTree = BUILT_PRODUCTS_DIR; };
		E7CDA5C71AFACCB200FE892E /* Info.plist */ = {isa = PBXFileReference; lastKnownFileType = text.plist.xml; path = Info.plist; sourceTree = "<group>"; };
		E7CDA5C81AFACCB200FE892E /* codepath_dropboxTests.swift */ = {isa = PBXFileReference; lastKnownFileType = sourcecode.swift; path = codepath_dropboxTests.swift; sourceTree = "<group>"; };
		E7D1B9C71AFFE6C000474A0A /* WelcomeViewController.swift */ = {isa = PBXFileReference; fileEncoding = 4; lastKnownFileType = sourcecode.swift; path = WelcomeViewController.swift; sourceTree = "<group>"; };
/* End PBXFileReference section */

/* Begin PBXFrameworksBuildPhase section */
		E7CDA5AA1AFACCB200FE892E /* Frameworks */ = {
			isa = PBXFrameworksBuildPhase;
			buildActionMask = 2147483647;
			files = (
			);
			runOnlyForDeploymentPostprocessing = 0;
		};
		E7CDA5BF1AFACCB200FE892E /* Frameworks */ = {
			isa = PBXFrameworksBuildPhase;
			buildActionMask = 2147483647;
			files = (
			);
			runOnlyForDeploymentPostprocessing = 0;
		};
/* End PBXFrameworksBuildPhase section */

/* Begin PBXGroup section */
		E74B19311AFC3B1F001FFD98 /* View Controllers */ = {
			isa = PBXGroup;
			children = (
				E7D1B9C71AFFE6C000474A0A /* WelcomeViewController.swift */,
				E730A0271AFFD584000ED03C /* CreateAccountLandingViewController.swift */,
				E74B19381AFD8743001FFD98 /* TroubleViewController.swift */,
				E730A0251AFFD39F000ED03C /* SignInLandingViewController.swift */,
				E78A9FA61AFDDAFE00567E37 /* PhotoViewController.swift */,
				E74B19321AFD6EF7001FFD98 /* TermsOfServiceViewController.swift */,
				E74B192F1AFC3B13001FFD98 /* SettingsViewController.swift */,
				E78A9FA81AFDDC0200567E37 /* LoggedInSettingsViewController.swift */,
				E74B19341AFD73EA001FFD98 /* NewAccountViewController.swift */,
				E74B19361AFD81EA001FFD98 /* SignInViewController.swift */,
			);
			name = "View Controllers";
			sourceTree = "<group>";
		};
		E7CDA5A41AFACCB200FE892E = {
			isa = PBXGroup;
			children = (
				E7CDA5AF1AFACCB200FE892E /* codepath-dropbox */,
				E7CDA5C51AFACCB200FE892E /* codepath-dropboxTests */,
				E7CDA5AE1AFACCB200FE892E /* Products */,
			);
			sourceTree = "<group>";
		};
		E7CDA5AE1AFACCB200FE892E /* Products */ = {
			isa = PBXGroup;
			children = (
				E7CDA5AD1AFACCB200FE892E /* codepath-dropbox.app */,
				E7CDA5C21AFACCB200FE892E /* codepath-dropboxTests.xctest */,
			);
			name = Products;
			sourceTree = "<group>";
		};
		E7CDA5AF1AFACCB200FE892E /* codepath-dropbox */ = {
			isa = PBXGroup;
			children = (
				E7CDA5B21AFACCB200FE892E /* AppDelegate.swift */,
				E7CDA5B41AFACCB200FE892E /* ViewController.swift */,
				E7CDA5B61AFACCB200FE892E /* Main.storyboard */,
				E74B19311AFC3B1F001FFD98 /* View Controllers */,
				E7CDA5B91AFACCB200FE892E /* Images.xcassets */,
				E7CDA5B01AFACCB200FE892E /* Supporting Files */,
			);
			path = "codepath-dropbox";
			sourceTree = "<group>";
		};
		E7CDA5B01AFACCB200FE892E /* Supporting Files */ = {
			isa = PBXGroup;
			children = (
				E7CDA5B11AFACCB200FE892E /* Info.plist */,
			);
			name = "Supporting Files";
			sourceTree = "<group>";
		};
		E7CDA5C51AFACCB200FE892E /* codepath-dropboxTests */ = {
			isa = PBXGroup;
			children = (
				E7CDA5C81AFACCB200FE892E /* codepath_dropboxTests.swift */,
				E7CDA5C61AFACCB200FE892E /* Supporting Files */,
			);
			path = "codepath-dropboxTests";
			sourceTree = "<group>";
		};
		E7CDA5C61AFACCB200FE892E /* Supporting Files */ = {
			isa = PBXGroup;
			children = (
				E7CDA5C71AFACCB200FE892E /* Info.plist */,
			);
			name = "Supporting Files";
			sourceTree = "<group>";
		};
/* End PBXGroup section */

/* Begin PBXNativeTarget section */
		E7CDA5AC1AFACCB200FE892E /* codepath-dropbox */ = {
			isa = PBXNativeTarget;
			buildConfigurationList = E7CDA5CC1AFACCB200FE892E /* Build configuration list for PBXNativeTarget "codepath-dropbox" */;
			buildPhases = (
				E7CDA5A91AFACCB200FE892E /* Sources */,
				E7CDA5AA1AFACCB200FE892E /* Frameworks */,
				E7CDA5AB1AFACCB200FE892E /* Resources */,
			);
			buildRules = (
			);
			dependencies = (
			);
			name = "codepath-dropbox";
			productName = "codepath-dropbox";
			productReference = E7CDA5AD1AFACCB200FE892E /* codepath-dropbox.app */;
			productType = "com.apple.product-type.application";
		};
		E7CDA5C11AFACCB200FE892E /* codepath-dropboxTests */ = {
			isa = PBXNativeTarget;
			buildConfigurationList = E7CDA5CF1AFACCB200FE892E /* Build configuration list for PBXNativeTarget "codepath-dropboxTests" */;
			buildPhases = (
				E7CDA5BE1AFACCB200FE892E /* Sources */,
				E7CDA5BF1AFACCB200FE892E /* Frameworks */,
				E7CDA5C01AFACCB200FE892E /* Resources */,
			);
			buildRules = (
			);
			dependencies = (
				E7CDA5C41AFACCB200FE892E /* PBXTargetDependency */,
			);
			name = "codepath-dropboxTests";
			productName = "codepath-dropboxTests";
			productReference = E7CDA5C21AFACCB200FE892E /* codepath-dropboxTests.xctest */;
			productType = "com.apple.product-type.bundle.unit-test";
		};
/* End PBXNativeTarget section */

/* Begin PBXProject section */
		E7CDA5A51AFACCB200FE892E /* Project object */ = {
			isa = PBXProject;
			attributes = {
				LastUpgradeCheck = 0600;
				ORGANIZATIONNAME = "Daily Doog Inc.";
				TargetAttributes = {
					E7CDA5AC1AFACCB200FE892E = {
						CreatedOnToolsVersion = 6.0;
					};
					E7CDA5C11AFACCB200FE892E = {
						CreatedOnToolsVersion = 6.0;
						TestTargetID = E7CDA5AC1AFACCB200FE892E;
					};
				};
			};
			buildConfigurationList = E7CDA5A81AFACCB200FE892E /* Build configuration list for PBXProject "codepath-dropbox" */;
			compatibilityVersion = "Xcode 3.2";
			developmentRegion = English;
			hasScannedForEncodings = 0;
			knownRegions = (
				en,
				Base,
			);
			mainGroup = E7CDA5A41AFACCB200FE892E;
			productRefGroup = E7CDA5AE1AFACCB200FE892E /* Products */;
			projectDirPath = "";
			projectRoot = "";
			targets = (
				E7CDA5AC1AFACCB200FE892E /* codepath-dropbox */,
				E7CDA5C11AFACCB200FE892E /* codepath-dropboxTests */,
			);
		};
/* End PBXProject section */

/* Begin PBXResourcesBuildPhase section */
		E7CDA5AB1AFACCB200FE892E /* Resources */ = {
			isa = PBXResourcesBuildPhase;
			buildActionMask = 2147483647;
			files = (
				E7CDA5B81AFACCB200FE892E /* Main.storyboard in Resources */,
				E7CDA5BA1AFACCB200FE892E /* Images.xcassets in Resources */,
			);
			runOnlyForDeploymentPostprocessing = 0;
		};
		E7CDA5C01AFACCB200FE892E /* Resources */ = {
			isa = PBXResourcesBuildPhase;
			buildActionMask = 2147483647;
			files = (
			);
			runOnlyForDeploymentPostprocessing = 0;
		};
/* End PBXResourcesBuildPhase section */

/* Begin PBXSourcesBuildPhase section */
		E7CDA5A91AFACCB200FE892E /* Sources */ = {
			isa = PBXSourcesBuildPhase;
			buildActionMask = 2147483647;
			files = (
				E730A0261AFFD39F000ED03C /* SignInLandingViewController.swift in Sources */,
				E7CDA5B51AFACCB200FE892E /* ViewController.swift in Sources */,
				E74B19331AFD6EF7001FFD98 /* TermsOfServiceViewController.swift in Sources */,
				E74B19371AFD81EA001FFD98 /* SignInViewController.swift in Sources */,
				E78A9FA91AFDDC0200567E37 /* LoggedInSettingsViewController.swift in Sources */,
				E730A0281AFFD584000ED03C /* CreateAccountLandingViewController.swift in Sources */,
				E7CDA5B31AFACCB200FE892E /* AppDelegate.swift in Sources */,
				E74B19351AFD73EA001FFD98 /* NewAccountViewController.swift in Sources */,
				E78A9FA71AFDDAFE00567E37 /* PhotoViewController.swift in Sources */,
				E7D1B9C81AFFE6C000474A0A /* WelcomeViewController.swift in Sources */,
				E74B19391AFD8743001FFD98 /* TroubleViewController.swift in Sources */,
				E74B19301AFC3B13001FFD98 /* SettingsViewController.swift in Sources */,
			);
			runOnlyForDeploymentPostprocessing = 0;
		};
		E7CDA5BE1AFACCB200FE892E /* Sources */ = {
			isa = PBXSourcesBuildPhase;
			buildActionMask = 2147483647;
			files = (
				E7CDA5C91AFACCB200FE892E /* codepath_dropboxTests.swift in Sources */,
			);
			runOnlyForDeploymentPostprocessing = 0;
		};
/* End PBXSourcesBuildPhase section */

/* Begin PBXTargetDependency section */
		E7CDA5C41AFACCB200FE892E /* PBXTargetDependency */ = {
			isa = PBXTargetDependency;
			target = E7CDA5AC1AFACCB200FE892E /* codepath-dropbox */;
			targetProxy = E7CDA5C31AFACCB200FE892E /* PBXContainerItemProxy */;
		};
/* End PBXTargetDependency section */

/* Begin PBXVariantGroup section */
		E7CDA5B61AFACCB200FE892E /* Main.storyboard */ = {
			isa = PBXVariantGroup;
			children = (
				E7CDA5B71AFACCB200FE892E /* Base */,
			);
			name = Main.storyboard;
			sourceTree = "<group>";
		};
/* End PBXVariantGroup section */

/* Begin XCBuildConfiguration section */
		E7CDA5CA1AFACCB200FE892E /* Debug */ = {
			isa = XCBuildConfiguration;
			buildSettings = {
				ALWAYS_SEARCH_USER_PATHS = NO;
				CLANG_CXX_LANGUAGE_STANDARD = "gnu++0x";
				CLANG_CXX_LIBRARY = "libc++";
				CLANG_ENABLE_MODULES = YES;
				CLANG_ENABLE_OBJC_ARC = YES;
				CLANG_WARN_BOOL_CONVERSION = YES;
				CLANG_WARN_CONSTANT_CONVERSION = YES;
				CLANG_WARN_DIRECT_OBJC_ISA_USAGE = YES_ERROR;
				CLANG_WARN_EMPTY_BODY = YES;
				CLANG_WARN_ENUM_CONVERSION = YES;
				CLANG_WARN_INT_CONVERSION = YES;
				CLANG_WARN_OBJC_ROOT_CLASS = YES_ERROR;
				CLANG_WARN_UNREACHABLE_CODE = YES;
				CLANG_WARN__DUPLICATE_METHOD_MATCH = YES;
				"CODE_SIGN_IDENTITY[sdk=iphoneos*]" = "iPhone Developer";
				COPY_PHASE_STRIP = NO;
				ENABLE_STRICT_OBJC_MSGSEND = YES;
				GCC_C_LANGUAGE_STANDARD = gnu99;
				GCC_DYNAMIC_NO_PIC = NO;
				GCC_OPTIMIZATION_LEVEL = 0;
				GCC_PREPROCESSOR_DEFINITIONS = (
					"DEBUG=1",
					"$(inherited)",
				);
				GCC_SYMBOLS_PRIVATE_EXTERN = NO;
				GCC_WARN_64_TO_32_BIT_CONVERSION = YES;
				GCC_WARN_ABOUT_RETURN_TYPE = YES_ERROR;
				GCC_WARN_UNDECLARED_SELECTOR = YES;
				GCC_WARN_UNINITIALIZED_AUTOS = YES_AGGRESSIVE;
				GCC_WARN_UNUSED_FUNCTION = YES;
				GCC_WARN_UNUSED_VARIABLE = YES;
				IPHONEOS_DEPLOYMENT_TARGET = 8.0;
				MTL_ENABLE_DEBUG_INFO = YES;
				ONLY_ACTIVE_ARCH = YES;
				SDKROOT = iphoneos;
				SWIFT_OPTIMIZATION_LEVEL = "-Onone";
				TARGETED_DEVICE_FAMILY = "1,2";
			};
			name = Debug;
		};
		E7CDA5CB1AFACCB200FE892E /* Release */ = {
			isa = XCBuildConfiguration;
			buildSettings = {
				ALWAYS_SEARCH_USER_PATHS = NO;
				CLANG_CXX_LANGUAGE_STANDARD = "gnu++0x";
				CLANG_CXX_LIBRARY = "libc++";
				CLANG_ENABLE_MODULES = YES;
				CLANG_ENABLE_OBJC_ARC = YES;
				CLANG_WARN_BOOL_CONVERSION = YES;
				CLANG_WARN_CONSTANT_CONVERSION = YES;
				CLANG_WARN_DIRECT_OBJC_ISA_USAGE = YES_ERROR;
				CLANG_WARN_EMPTY_BODY = YES;
				CLANG_WARN_ENUM_CONVERSION = YES;
				CLANG_WARN_INT_CONVERSION = YES;
				CLANG_WARN_OBJC_ROOT_CLASS = YES_ERROR;
				CLANG_WARN_UNREACHABLE_CODE = YES;
				CLANG_WARN__DUPLICATE_METHOD_MATCH = YES;
				"CODE_SIGN_IDENTITY[sdk=iphoneos*]" = "iPhone Developer";
				COPY_PHASE_STRIP = YES;
				ENABLE_NS_ASSERTIONS = NO;
				ENABLE_STRICT_OBJC_MSGSEND = YES;
				GCC_C_LANGUAGE_STANDARD = gnu99;
				GCC_WARN_64_TO_32_BIT_CONVERSION = YES;
				GCC_WARN_ABOUT_RETURN_TYPE = YES_ERROR;
				GCC_WARN_UNDECLARED_SELECTOR = YES;
				GCC_WARN_UNINITIALIZED_AUTOS = YES_AGGRESSIVE;
				GCC_WARN_UNUSED_FUNCTION = YES;
				GCC_WARN_UNUSED_VARIABLE = YES;
				IPHONEOS_DEPLOYMENT_TARGET = 8.0;
				MTL_ENABLE_DEBUG_INFO = NO;
				SDKROOT = iphoneos;
				TARGETED_DEVICE_FAMILY = "1,2";
				VALIDATE_PRODUCT = YES;
			};
			name = Release;
		};
		E7CDA5CD1AFACCB200FE892E /* Debug */ = {
			isa = XCBuildConfiguration;
			buildSettings = {
				ASSETCATALOG_COMPILER_APPICON_NAME = AppIcon;
				ASSETCATALOG_COMPILER_LAUNCHIMAGE_NAME = LaunchImage;
				INFOPLIST_FILE = "codepath-dropbox/Info.plist";
				LD_RUNPATH_SEARCH_PATHS = "$(inherited) @executable_path/Frameworks";
				PRODUCT_NAME = "$(TARGET_NAME)";
			};
			name = Debug;
		};
		E7CDA5CE1AFACCB200FE892E /* Release */ = {
			isa = XCBuildConfiguration;
			buildSettings = {
				ASSETCATALOG_COMPILER_APPICON_NAME = AppIcon;
				ASSETCATALOG_COMPILER_LAUNCHIMAGE_NAME = LaunchImage;
				INFOPLIST_FILE = "codepath-dropbox/Info.plist";
				LD_RUNPATH_SEARCH_PATHS = "$(inherited) @executable_path/Frameworks";
				PRODUCT_NAME = "$(TARGET_NAME)";
			};
			name = Release;
		};
		E7CDA5D01AFACCB200FE892E /* Debug */ = {
			isa = XCBuildConfiguration;
			buildSettings = {
				BUNDLE_LOADER = "$(TEST_HOST)";
				FRAMEWORK_SEARCH_PATHS = (
					"$(SDKROOT)/Developer/Library/Frameworks",
					"$(inherited)",
				);
				GCC_PREPROCESSOR_DEFINITIONS = (
					"DEBUG=1",
					"$(inherited)",
				);
				INFOPLIST_FILE = "codepath-dropboxTests/Info.plist";
				LD_RUNPATH_SEARCH_PATHS = "$(inherited) @executable_path/Frameworks @loader_path/Frameworks";
				PRODUCT_NAME = "$(TARGET_NAME)";
				TEST_HOST = "$(BUILT_PRODUCTS_DIR)/codepath-dropbox.app/codepath-dropbox";
			};
			name = Debug;
		};
		E7CDA5D11AFACCB200FE892E /* Release */ = {
			isa = XCBuildConfiguration;
			buildSettings = {
				BUNDLE_LOADER = "$(TEST_HOST)";
				FRAMEWORK_SEARCH_PATHS = (
					"$(SDKROOT)/Developer/Library/Frameworks",
					"$(inherited)",
				);
				INFOPLIST_FILE = "codepath-dropboxTests/Info.plist";
				LD_RUNPATH_SEARCH_PATHS = "$(inherited) @executable_path/Frameworks @loader_path/Frameworks";
				PRODUCT_NAME = "$(TARGET_NAME)";
				TEST_HOST = "$(BUILT_PRODUCTS_DIR)/codepath-dropbox.app/codepath-dropbox";
			};
			name = Release;
		};
/* End XCBuildConfiguration section */

/* Begin XCConfigurationList section */
		E7CDA5A81AFACCB200FE892E /* Build configuration list for PBXProject "codepath-dropbox" */ = {
			isa = XCConfigurationList;
			buildConfigurations = (
				E7CDA5CA1AFACCB200FE892E /* Debug */,
				E7CDA5CB1AFACCB200FE892E /* Release */,
			);
			defaultConfigurationIsVisible = 0;
			defaultConfigurationName = Release;
		};
		E7CDA5CC1AFACCB200FE892E /* Build configuration list for PBXNativeTarget "codepath-dropbox" */ = {
			isa = XCConfigurationList;
			buildConfigurations = (
				E7CDA5CD1AFACCB200FE892E /* Debug */,
				E7CDA5CE1AFACCB200FE892E /* Release */,
			);
			defaultConfigurationIsVisible = 0;
			defaultConfigurationName = Release;
		};
		E7CDA5CF1AFACCB200FE892E /* Build configuration list for PBXNativeTarget "codepath-dropboxTests" */ = {
			isa = XCConfigurationList;
			buildConfigurations = (
				E7CDA5D01AFACCB200FE892E /* Debug */,
				E7CDA5D11AFACCB200FE892E /* Release */,
			);
			defaultConfigurationIsVisible = 0;
			defaultConfigurationName = Release;
		};
/* End XCConfigurationList section */
	};
	rootObject = E7CDA5A51AFACCB200FE892E /* Project object */;
}
